// !$*UTF8*$!
{
	archiveVersion = 1;
	classes = {
	};
	objectVersion = 56;
	objects = {

/* Begin PBXBuildFile section */
		F91430002AE01F5F00FA4667 /* New&Hot.swift in Sources */ = {isa = PBXBuildFile; fileRef = F9142FFF2AE01F5F00FA4667 /* New&Hot.swift */; };
		F91430022AE01F8100FA4667 /* MyProfile.swift in Sources */ = {isa = PBXBuildFile; fileRef = F91430012AE01F8100FA4667 /* MyProfile.swift */; };
		F91E41A92AFEF7CE0005A4FF /* movieDetail.swift in Sources */ = {isa = PBXBuildFile; fileRef = F91E41A82AFEF7CE0005A4FF /* movieDetail.swift */; };
		F94CCBE42B4C4C540084441D /* playMovie.swift in Sources */ = {isa = PBXBuildFile; fileRef = F94CCBE32B4C4C540084441D /* playMovie.swift */; };
		F96709C82ACB0BD5002CC7D2 /* Metflix.swift in Sources */ = {isa = PBXBuildFile; fileRef = F96709C72ACB0BD5002CC7D2 /* Metflix.swift */; };
		F96709CA2ACB0BD5002CC7D2 /* SplashScreen.swift in Sources */ = {isa = PBXBuildFile; fileRef = F96709C92ACB0BD5002CC7D2 /* SplashScreen.swift */; };
		F96709CC2ACB0BD7002CC7D2 /* Assets.xcassets in Resources */ = {isa = PBXBuildFile; fileRef = F96709CB2ACB0BD7002CC7D2 /* Assets.xcassets */; };
		F96709CF2ACB0BD7002CC7D2 /* Preview Assets.xcassets in Resources */ = {isa = PBXBuildFile; fileRef = F96709CE2ACB0BD7002CC7D2 /* Preview Assets.xcassets */; };
		F96709D62ACB0D0B002CC7D2 /* DesignComponents.swift in Sources */ = {isa = PBXBuildFile; fileRef = F96709D52ACB0D0B002CC7D2 /* DesignComponents.swift */; };
		F96709D82ACB0D6E002CC7D2 /* AppModels.swift in Sources */ = {isa = PBXBuildFile; fileRef = F96709D72ACB0D6E002CC7D2 /* AppModels.swift */; };
		F97D355F2AD2DBC30079F31D /* profileSelectScreen.swift in Sources */ = {isa = PBXBuildFile; fileRef = F97D355E2AD2DBC30079F31D /* profileSelectScreen.swift */; };
		F97D35612AD2F5EB0079F31D /* HomeScreen.swift in Sources */ = {isa = PBXBuildFile; fileRef = F97D35602AD2F5EB0079F31D /* HomeScreen.swift */; };
/* End PBXBuildFile section */

/* Begin PBXFileReference section */
		F9142FFF2AE01F5F00FA4667 /* New&Hot.swift */ = {isa = PBXFileReference; lastKnownFileType = sourcecode.swift; path = "New&Hot.swift"; sourceTree = "<group>"; };
		F91430012AE01F8100FA4667 /* MyProfile.swift */ = {isa = PBXFileReference; lastKnownFileType = sourcecode.swift; path = MyProfile.swift; sourceTree = "<group>"; };
		F91E41A82AFEF7CE0005A4FF /* movieDetail.swift */ = {isa = PBXFileReference; lastKnownFileType = sourcecode.swift; path = movieDetail.swift; sourceTree = "<group>"; };
		F94CCBE32B4C4C540084441D /* playMovie.swift */ = {isa = PBXFileReference; lastKnownFileType = sourcecode.swift; path = playMovie.swift; sourceTree = "<group>"; };
		F96709C42ACB0BD5002CC7D2 /* MetflixApp.app */ = {isa = PBXFileReference; explicitFileType = wrapper.application; includeInIndex = 0; path = MetflixApp.app; sourceTree = BUILT_PRODUCTS_DIR; };
		F96709C72ACB0BD5002CC7D2 /* Metflix.swift */ = {isa = PBXFileReference; lastKnownFileType = sourcecode.swift; path = Metflix.swift; sourceTree = "<group>"; };
		F96709C92ACB0BD5002CC7D2 /* SplashScreen.swift */ = {isa = PBXFileReference; lastKnownFileType = sourcecode.swift; path = SplashScreen.swift; sourceTree = "<group>"; };
		F96709CB2ACB0BD7002CC7D2 /* Assets.xcassets */ = {isa = PBXFileReference; lastKnownFileType = folder.assetcatalog; path = Assets.xcassets; sourceTree = "<group>"; };
		F96709CE2ACB0BD7002CC7D2 /* Preview Assets.xcassets */ = {isa = PBXFileReference; lastKnownFileType = folder.assetcatalog; path = "Preview Assets.xcassets"; sourceTree = "<group>"; };
		F96709D52ACB0D0B002CC7D2 /* DesignComponents.swift */ = {isa = PBXFileReference; lastKnownFileType = sourcecode.swift; path = DesignComponents.swift; sourceTree = "<group>"; };
		F96709D72ACB0D6E002CC7D2 /* AppModels.swift */ = {isa = PBXFileReference; lastKnownFileType = sourcecode.swift; path = AppModels.swift; sourceTree = "<group>"; };
		F97D355E2AD2DBC30079F31D /* profileSelectScreen.swift */ = {isa = PBXFileReference; lastKnownFileType = sourcecode.swift; path = profileSelectScreen.swift; sourceTree = "<group>"; };
		F97D35602AD2F5EB0079F31D /* HomeScreen.swift */ = {isa = PBXFileReference; lastKnownFileType = sourcecode.swift; path = HomeScreen.swift; sourceTree = "<group>"; };
/* End PBXFileReference section */

/* Begin PBXFrameworksBuildPhase section */
		F96709C12ACB0BD5002CC7D2 /* Frameworks */ = {
			isa = PBXFrameworksBuildPhase;
			buildActionMask = 2147483647;
			files = (
			);
			runOnlyForDeploymentPostprocessing = 0;
		};
/* End PBXFrameworksBuildPhase section */

/* Begin PBXGroup section */
		F96709BB2ACB0BD5002CC7D2 = {
			isa = PBXGroup;
			children = (
				F96709C62ACB0BD5002CC7D2 /* MetflixApp */,
				F96709C52ACB0BD5002CC7D2 /* Products */,
			);
			sourceTree = "<group>";
		};
		F96709C52ACB0BD5002CC7D2 /* Products */ = {
			isa = PBXGroup;
			children = (
				F96709C42ACB0BD5002CC7D2 /* MetflixApp.app */,
			);
			name = Products;
			sourceTree = "<group>";
		};
		F96709C62ACB0BD5002CC7D2 /* MetflixApp */ = {
			isa = PBXGroup;
			children = (
				F96709C72ACB0BD5002CC7D2 /* Metflix.swift */,
				F96709D52ACB0D0B002CC7D2 /* DesignComponents.swift */,
				F96709D72ACB0D6E002CC7D2 /* AppModels.swift */,
				F96709C92ACB0BD5002CC7D2 /* SplashScreen.swift */,
				F97D35602AD2F5EB0079F31D /* HomeScreen.swift */,
				F97D355E2AD2DBC30079F31D /* profileSelectScreen.swift */,
				F9142FFF2AE01F5F00FA4667 /* New&Hot.swift */,
				F91E41A82AFEF7CE0005A4FF /* movieDetail.swift */,
				F94CCBE32B4C4C540084441D /* playMovie.swift */,
				F91430012AE01F8100FA4667 /* MyProfile.swift */,
				F96709CB2ACB0BD7002CC7D2 /* Assets.xcassets */,
				F96709CD2ACB0BD7002CC7D2 /* Preview Content */,
			);
			path = MetflixApp;
			sourceTree = "<group>";
		};
		F96709CD2ACB0BD7002CC7D2 /* Preview Content */ = {
			isa = PBXGroup;
			children = (
				F96709CE2ACB0BD7002CC7D2 /* Preview Assets.xcassets */,
			);
			path = "Preview Content";
			sourceTree = "<group>";
		};
/* End PBXGroup section */

/* Begin PBXNativeTarget section */
		F96709C32ACB0BD5002CC7D2 /* MetflixApp */ = {
			isa = PBXNativeTarget;
			buildConfigurationList = F96709D22ACB0BD7002CC7D2 /* Build configuration list for PBXNativeTarget "MetflixApp" */;
			buildPhases = (
				F96709C02ACB0BD5002CC7D2 /* Sources */,
				F96709C12ACB0BD5002CC7D2 /* Frameworks */,
				F96709C22ACB0BD5002CC7D2 /* Resources */,
			);
			buildRules = (
			);
			dependencies = (
			);
			name = MetflixApp;
			productName = MetflixApp;
			productReference = F96709C42ACB0BD5002CC7D2 /* MetflixApp.app */;
			productType = "com.apple.product-type.application";
		};
/* End PBXNativeTarget section */

/* Begin PBXProject section */
		F96709BC2ACB0BD5002CC7D2 /* Project object */ = {
			isa = PBXProject;
			attributes = {
				BuildIndependentTargetsInParallel = 1;
				LastSwiftUpdateCheck = 1410;
				LastUpgradeCheck = 1410;
				TargetAttributes = {
					F96709C32ACB0BD5002CC7D2 = {
						CreatedOnToolsVersion = 14.1;
					};
				};
			};
			buildConfigurationList = F96709BF2ACB0BD5002CC7D2 /* Build configuration list for PBXProject "MetflixApp" */;
			compatibilityVersion = "Xcode 14.0";
			developmentRegion = en;
			hasScannedForEncodings = 0;
			knownRegions = (
				en,
				Base,
			);
			mainGroup = F96709BB2ACB0BD5002CC7D2;
			productRefGroup = F96709C52ACB0BD5002CC7D2 /* Products */;
			projectDirPath = "";
			projectRoot = "";
			targets = (
				F96709C32ACB0BD5002CC7D2 /* MetflixApp */,
			);
		};
/* End PBXProject section */

/* Begin PBXResourcesBuildPhase section */
		F96709C22ACB0BD5002CC7D2 /* Resources */ = {
			isa = PBXResourcesBuildPhase;
			buildActionMask = 2147483647;
			files = (
				F96709CF2ACB0BD7002CC7D2 /* Preview Assets.xcassets in Resources */,
				F96709CC2ACB0BD7002CC7D2 /* Assets.xcassets in Resources */,
			);
			runOnlyForDeploymentPostprocessing = 0;
		};
/* End PBXResourcesBuildPhase section */

/* Begin PBXSourcesBuildPhase section */
		F96709C02ACB0BD5002CC7D2 /* Sources */ = {
			isa = PBXSourcesBuildPhase;
			buildActionMask = 2147483647;
			files = (
				F96709CA2ACB0BD5002CC7D2 /* SplashScreen.swift in Sources */,
				F91E41A92AFEF7CE0005A4FF /* movieDetail.swift in Sources */,
				F91430022AE01F8100FA4667 /* MyProfile.swift in Sources */,
				F97D355F2AD2DBC30079F31D /* profileSelectScreen.swift in Sources */,
				F97D35612AD2F5EB0079F31D /* HomeScreen.swift in Sources */,
				F91430002AE01F5F00FA4667 /* New&Hot.swift in Sources */,
				F96709D62ACB0D0B002CC7D2 /* DesignComponents.swift in Sources */,
				F96709C82ACB0BD5002CC7D2 /* Metflix.swift in Sources */,
				F94CCBE42B4C4C540084441D /* playMovie.swift in Sources */,
				F96709D82ACB0D6E002CC7D2 /* AppModels.swift in Sources */,
			);
			runOnlyForDeploymentPostprocessing = 0;
		};
/* End PBXSourcesBuildPhase section */

/* Begin XCBuildConfiguration section */
		F96709D02ACB0BD7002CC7D2 /* Debug */ = {
			isa = XCBuildConfiguration;
			buildSettings = {
				ALWAYS_SEARCH_USER_PATHS = NO;
				CLANG_ANALYZER_NONNULL = YES;
				CLANG_ANALYZER_NUMBER_OBJECT_CONVERSION = YES_AGGRESSIVE;
				CLANG_CXX_LANGUAGE_STANDARD = "gnu++20";
				CLANG_ENABLE_MODULES = YES;
				CLANG_ENABLE_OBJC_ARC = YES;
				CLANG_ENABLE_OBJC_WEAK = YES;
				CLANG_WARN_BLOCK_CAPTURE_AUTORELEASING = YES;
				CLANG_WARN_BOOL_CONVERSION = YES;
				CLANG_WARN_COMMA = YES;
				CLANG_WARN_CONSTANT_CONVERSION = YES;
				CLANG_WARN_DEPRECATED_OBJC_IMPLEMENTATIONS = YES;
				CLANG_WARN_DIRECT_OBJC_ISA_USAGE = YES_ERROR;
				CLANG_WARN_DOCUMENTATION_COMMENTS = YES;
				CLANG_WARN_EMPTY_BODY = YES;
				CLANG_WARN_ENUM_CONVERSION = YES;
				CLANG_WARN_INFINITE_RECURSION = YES;
				CLANG_WARN_INT_CONVERSION = YES;
				CLANG_WARN_NON_LITERAL_NULL_CONVERSION = YES;
				CLANG_WARN_OBJC_IMPLICIT_RETAIN_SELF = YES;
				CLANG_WARN_OBJC_LITERAL_CONVERSION = YES;
				CLANG_WARN_OBJC_ROOT_CLASS = YES_ERROR;
				CLANG_WARN_QUOTED_INCLUDE_IN_FRAMEWORK_HEADER = YES;
				CLANG_WARN_RANGE_LOOP_ANALYSIS = YES;
				CLANG_WARN_STRICT_PROTOTYPES = YES;
				CLANG_WARN_SUSPICIOUS_MOVE = YES;
				CLANG_WARN_UNGUARDED_AVAILABILITY = YES_AGGRESSIVE;
				CLANG_WARN_UNREACHABLE_CODE = YES;
				CLANG_WARN__DUPLICATE_METHOD_MATCH = YES;
				COPY_PHASE_STRIP = NO;
				DEBUG_INFORMATION_FORMAT = dwarf;
				ENABLE_STRICT_OBJC_MSGSEND = YES;
				ENABLE_TESTABILITY = YES;
				GCC_C_LANGUAGE_STANDARD = gnu11;
				GCC_DYNAMIC_NO_PIC = NO;
				GCC_NO_COMMON_BLOCKS = YES;
				GCC_OPTIMIZATION_LEVEL = 0;
				GCC_PREPROCESSOR_DEFINITIONS = (
					"DEBUG=1",
					"$(inherited)",
				);
				GCC_WARN_64_TO_32_BIT_CONVERSION = YES;
				GCC_WARN_ABOUT_RETURN_TYPE = YES_ERROR;
				GCC_WARN_UNDECLARED_SELECTOR = YES;
				GCC_WARN_UNINITIALIZED_AUTOS = YES_AGGRESSIVE;
				GCC_WARN_UNUSED_FUNCTION = YES;
				GCC_WARN_UNUSED_VARIABLE = YES;
				IPHONEOS_DEPLOYMENT_TARGET = 16.1;
				MTL_ENABLE_DEBUG_INFO = INCLUDE_SOURCE;
				MTL_FAST_MATH = YES;
				ONLY_ACTIVE_ARCH = YES;
				SDKROOT = iphoneos;
				SWIFT_ACTIVE_COMPILATION_CONDITIONS = DEBUG;
				SWIFT_OPTIMIZATION_LEVEL = "-Onone";
			};
			name = Debug;
		};
		F96709D12ACB0BD7002CC7D2 /* Release */ = {
			isa = XCBuildConfiguration;
			buildSettings = {
				ALWAYS_SEARCH_USER_PATHS = NO;
				CLANG_ANALYZER_NONNULL = YES;
				CLANG_ANALYZER_NUMBER_OBJECT_CONVERSION = YES_AGGRESSIVE;
				CLANG_CXX_LANGUAGE_STANDARD = "gnu++20";
				CLANG_ENABLE_MODULES = YES;
				CLANG_ENABLE_OBJC_ARC = YES;
				CLANG_ENABLE_OBJC_WEAK = YES;
				CLANG_WARN_BLOCK_CAPTURE_AUTORELEASING = YES;
				CLANG_WARN_BOOL_CONVERSION = YES;
				CLANG_WARN_COMMA = YES;
				CLANG_WARN_CONSTANT_CONVERSION = YES;
				CLANG_WARN_DEPRECATED_OBJC_IMPLEMENTATIONS = YES;
				CLANG_WARN_DIRECT_OBJC_ISA_USAGE = YES_ERROR;
				CLANG_WARN_DOCUMENTATION_COMMENTS = YES;
				CLANG_WARN_EMPTY_BODY = YES;
				CLANG_WARN_ENUM_CONVERSION = YES;
				CLANG_WARN_INFINITE_RECURSION = YES;
				CLANG_WARN_INT_CONVERSION = YES;
				CLANG_WARN_NON_LITERAL_NULL_CONVERSION = YES;
				CLANG_WARN_OBJC_IMPLICIT_RETAIN_SELF = YES;
				CLANG_WARN_OBJC_LITERAL_CONVERSION = YES;
				CLANG_WARN_OBJC_ROOT_CLASS = YES_ERROR;
				CLANG_WARN_QUOTED_INCLUDE_IN_FRAMEWORK_HEADER = YES;
				CLANG_WARN_RANGE_LOOP_ANALYSIS = YES;
				CLANG_WARN_STRICT_PROTOTYPES = YES;
				CLANG_WARN_SUSPICIOUS_MOVE = YES;
				CLANG_WARN_UNGUARDED_AVAILABILITY = YES_AGGRESSIVE;
				CLANG_WARN_UNREACHABLE_CODE = YES;
				CLANG_WARN__DUPLICATE_METHOD_MATCH = YES;
				COPY_PHASE_STRIP = NO;
				DEBUG_INFORMATION_FORMAT = "dwarf-with-dsym";
				ENABLE_NS_ASSERTIONS = NO;
				ENABLE_STRICT_OBJC_MSGSEND = YES;
				GCC_C_LANGUAGE_STANDARD = gnu11;
				GCC_NO_COMMON_BLOCKS = YES;
				GCC_WARN_64_TO_32_BIT_CONVERSION = YES;
				GCC_WARN_ABOUT_RETURN_TYPE = YES_ERROR;
				GCC_WARN_UNDECLARED_SELECTOR = YES;
				GCC_WARN_UNINITIALIZED_AUTOS = YES_AGGRESSIVE;
				GCC_WARN_UNUSED_FUNCTION = YES;
				GCC_WARN_UNUSED_VARIABLE = YES;
				IPHONEOS_DEPLOYMENT_TARGET = 16.1;
				MTL_ENABLE_DEBUG_INFO = NO;
				MTL_FAST_MATH = YES;
				SDKROOT = iphoneos;
				SWIFT_COMPILATION_MODE = wholemodule;
				SWIFT_OPTIMIZATION_LEVEL = "-O";
				VALIDATE_PRODUCT = YES;
			};
			name = Release;
		};
		F96709D32ACB0BD7002CC7D2 /* Debug */ = {
			isa = XCBuildConfiguration;
			buildSettings = {
				ASSETCATALOG_COMPILER_APPICON_NAME = AppIcon;
				ASSETCATALOG_COMPILER_GLOBAL_ACCENT_COLOR_NAME = AccentColor;
				CODE_SIGN_STYLE = Automatic;
				CURRENT_PROJECT_VERSION = 1;
				DEVELOPMENT_ASSET_PATHS = "\"MetflixApp/Preview Content\"";
				DEVELOPMENT_TEAM = 74XM427YR6;
				ENABLE_PREVIEWS = YES;
				GENERATE_INFOPLIST_FILE = YES;
				INFOPLIST_KEY_UIApplicationSceneManifest_Generation = YES;
				INFOPLIST_KEY_UIApplicationSupportsIndirectInputEvents = YES;
				INFOPLIST_KEY_UILaunchScreen_Generation = YES;
				INFOPLIST_KEY_UISupportedInterfaceOrientations_iPad = "UIInterfaceOrientationPortrait UIInterfaceOrientationPortraitUpsideDown UIInterfaceOrientationLandscapeLeft UIInterfaceOrientationLandscapeRight";
				INFOPLIST_KEY_UISupportedInterfaceOrientations_iPhone = "UIInterfaceOrientationPortrait UIInterfaceOrientationLandscapeLeft UIInterfaceOrientationLandscapeRight";
				LD_RUNPATH_SEARCH_PATHS = (
					"$(inherited)",
					"@executable_path/Frameworks",
				);
				MARKETING_VERSION = 1.0;
				PRODUCT_BUNDLE_IDENTIFIER = xyz.marvisdosa.MetflixApp;
				PRODUCT_NAME = "$(TARGET_NAME)";
				SWIFT_EMIT_LOC_STRINGS = YES;
				SWIFT_VERSION = 5.0;
				TARGETED_DEVICE_FAMILY = "1,2";
			};
			name = Debug;
		};
		F96709D42ACB0BD7002CC7D2 /* Release */ = {
			isa = XCBuildConfiguration;
			buildSettings = {
				ASSETCATALOG_COMPILER_APPICON_NAME = AppIcon;
				ASSETCATALOG_COMPILER_GLOBAL_ACCENT_COLOR_NAME = AccentColor;
				CODE_SIGN_STYLE = Automatic;
				CURRENT_PROJECT_VERSION = 1;
				DEVELOPMENT_ASSET_PATHS = "\"MetflixApp/Preview Content\"";
				DEVELOPMENT_TEAM = 74XM427YR6;
				ENABLE_PREVIEWS = YES;
				GENERATE_INFOPLIST_FILE = YES;
				INFOPLIST_KEY_UIApplicationSceneManifest_Generation = YES;
				INFOPLIST_KEY_UIApplicationSupportsIndirectInputEvents = YES;
				INFOPLIST_KEY_UILaunchScreen_Generation = YES;
				INFOPLIST_KEY_UISupportedInterfaceOrientations_iPad = "UIInterfaceOrientationPortrait UIInterfaceOrientationPortraitUpsideDown UIInterfaceOrientationLandscapeLeft UIInterfaceOrientationLandscapeRight";
				INFOPLIST_KEY_UISupportedInterfaceOrientations_iPhone = "UIInterfaceOrientationPortrait UIInterfaceOrientationLandscapeLeft UIInterfaceOrientationLandscapeRight";
				LD_RUNPATH_SEARCH_PATHS = (
					"$(inherited)",
					"@executable_path/Frameworks",
				);
				MARKETING_VERSION = 1.0;
				PRODUCT_BUNDLE_IDENTIFIER = xyz.marvisdosa.MetflixApp;
				PRODUCT_NAME = "$(TARGET_NAME)";
				SWIFT_EMIT_LOC_STRINGS = YES;
				SWIFT_VERSION = 5.0;
				TARGETED_DEVICE_FAMILY = "1,2";
			};
			name = Release;
		};
/* End XCBuildConfiguration section */

/* Begin XCConfigurationList section */
		F96709BF2ACB0BD5002CC7D2 /* Build configuration list for PBXProject "MetflixApp" */ = {
			isa = XCConfigurationList;
			buildConfigurations = (
				F96709D02ACB0BD7002CC7D2 /* Debug */,
				F96709D12ACB0BD7002CC7D2 /* Release */,
			);
			defaultConfigurationIsVisible = 0;
			defaultConfigurationName = Release;
		};
		F96709D22ACB0BD7002CC7D2 /* Build configuration list for PBXNativeTarget "MetflixApp" */ = {
			isa = XCConfigurationList;
			buildConfigurations = (
				F96709D32ACB0BD7002CC7D2 /* Debug */,
				F96709D42ACB0BD7002CC7D2 /* Release */,
			);
			defaultConfigurationIsVisible = 0;
			defaultConfigurationName = Release;
		};
/* End XCConfigurationList section */
	};
	rootObject = F96709BC2ACB0BD5002CC7D2 /* Project object */;
}
